
Microsoft Visual Studio Solution File, Format Version 12.00
# Visual Studio 2012
Project("{FAE04EC0-301F-11D3-BF4B-00C04F79EFBC}") = "Facebook.Tools.EventCreator", "Facebook.Tools.EventCreator\Facebook.Tools.EventCreator.csproj", "{FDD47379-390E-49BF-AB7B-9D45AA72AA47}"
EndProject
Global
	GlobalSection(SolutionConfigurationPlatforms) = preSolution
		Debug|Any CPU = Debug|Any CPU
		Release|Any CPU = Release|Any CPU
	EndGlobalSection
	GlobalSection(ProjectConfigurationPlatforms) = postSolution
		{FDD47379-390E-49BF-AB7B-9D45AA72AA47}.Debug|Any CPU.ActiveCfg = Debug|Any CPU
		{FDD47379-390E-49BF-AB7B-9D45AA72AA47}.Debug|Any CPU.Build.0 = Debug|Any CPU
		{FDD47379-390E-49BF-AB7B-9D45AA72AA47}.Release|Any CPU.ActiveCfg = Release|Any CPU
		{FDD47379-390E-49BF-AB7B-9D45AA72AA47}.Release|Any CPU.Build.0 = Release|Any CPU
	EndGlobalSection
	GlobalSection(SolutionProperties) = preSolution
		HideSolutionNode = FALSE
	EndGlobalSection
EndGlobal
