
Microsoft Visual Studio Solution File, Format Version 12.00
# Visual Studio 2012
Project("{FAE04EC0-301F-11D3-BF4B-00C04F79EFBC}") = "Facebook.Tools.EventCreator", "Facebook.Tools.EventCreator\Facebook.Tools.EventCreator.csproj", "{FDD47379-390E-49BF-AB7B-9D45AA72AA47}"
EndProject
Project("{6141683F-8A12-4E36-9623-2EB02B2C2303}") = "Facebook.Tools.Install", "Facebook.Tools.Install\Facebook.Tools.Install.isproj", "{D73B324B-990F-484E-95C8-4D10BFF39785}"
	ProjectSection(ProjectDependencies) = postProject
		{FDD47379-390E-49BF-AB7B-9D45AA72AA47} = {FDD47379-390E-49BF-AB7B-9D45AA72AA47}
	EndProjectSection
EndProject
Global
	GlobalSection(SolutionConfigurationPlatforms) = preSolution
		CD_ROM|Any CPU = CD_ROM|Any CPU
		Debug|Any CPU = Debug|Any CPU
		DVD-5|Any CPU = DVD-5|Any CPU
		Release|Any CPU = Release|Any CPU
		SingleImage|Any CPU = SingleImage|Any CPU
	EndGlobalSection
	GlobalSection(ProjectConfigurationPlatforms) = postSolution
		{FDD47379-390E-49BF-AB7B-9D45AA72AA47}.CD_ROM|Any CPU.ActiveCfg = Release|Any CPU
		{FDD47379-390E-49BF-AB7B-9D45AA72AA47}.CD_ROM|Any CPU.Build.0 = Release|Any CPU
		{FDD47379-390E-49BF-AB7B-9D45AA72AA47}.Debug|Any CPU.ActiveCfg = Debug|Any CPU
		{FDD47379-390E-49BF-AB7B-9D45AA72AA47}.Debug|Any CPU.Build.0 = Debug|Any CPU
		{FDD47379-390E-49BF-AB7B-9D45AA72AA47}.DVD-5|Any CPU.ActiveCfg = Debug|Any CPU
		{FDD47379-390E-49BF-AB7B-9D45AA72AA47}.DVD-5|Any CPU.Build.0 = Debug|Any CPU
		{FDD47379-390E-49BF-AB7B-9D45AA72AA47}.Release|Any CPU.ActiveCfg = Release|Any CPU
		{FDD47379-390E-49BF-AB7B-9D45AA72AA47}.Release|Any CPU.Build.0 = Release|Any CPU
		{FDD47379-390E-49BF-AB7B-9D45AA72AA47}.SingleImage|Any CPU.ActiveCfg = Release|Any CPU
		{FDD47379-390E-49BF-AB7B-9D45AA72AA47}.SingleImage|Any CPU.Build.0 = Release|Any CPU
		{D73B324B-990F-484E-95C8-4D10BFF39785}.CD_ROM|Any CPU.ActiveCfg = CD_ROM
		{D73B324B-990F-484E-95C8-4D10BFF39785}.CD_ROM|Any CPU.Build.0 = CD_ROM
		{D73B324B-990F-484E-95C8-4D10BFF39785}.Debug|Any CPU.ActiveCfg = DVD-5
		{D73B324B-990F-484E-95C8-4D10BFF39785}.Debug|Any CPU.Build.0 = DVD-5
		{D73B324B-990F-484E-95C8-4D10BFF39785}.DVD-5|Any CPU.ActiveCfg = DVD-5
		{D73B324B-990F-484E-95C8-4D10BFF39785}.DVD-5|Any CPU.Build.0 = DVD-5
		{D73B324B-990F-484E-95C8-4D10BFF39785}.Release|Any CPU.ActiveCfg = SingleImage
		{D73B324B-990F-484E-95C8-4D10BFF39785}.Release|Any CPU.Build.0 = SingleImage
		{D73B324B-990F-484E-95C8-4D10BFF39785}.SingleImage|Any CPU.ActiveCfg = SingleImage
		{D73B324B-990F-484E-95C8-4D10BFF39785}.SingleImage|Any CPU.Build.0 = SingleImage
	EndGlobalSection
	GlobalSection(SolutionProperties) = preSolution
		HideSolutionNode = FALSE
	EndGlobalSection
EndGlobal
